
Microsoft Visual Studio Solution File, Format Version 12.00
# Visual Studio Version 17
VisualStudioVersion = 17.7.34031.279
MinimumVisualStudioVersion = 10.0.40219.1
Project("{FAE04EC0-301F-11D3-BF4B-00C04F79EFBC}") = "LAB5_DS", "LAB5_DS.csproj", "{1BB97E75-5914-45F9-9582-FC6F654748B0}"
EndProject
Global
	GlobalSection(SolutionConfigurationPlatforms) = preSolution
		Debug|Any CPU = Debug|Any CPU
		Release|Any CPU = Release|Any CPU
	EndGlobalSection
	GlobalSection(ProjectConfigurationPlatforms) = postSolution
		{1BB97E75-5914-45F9-9582-FC6F654748B0}.Debug|Any CPU.ActiveCfg = Debug|Any CPU
		{1BB97E75-5914-45F9-9582-FC6F654748B0}.Debug|Any CPU.Build.0 = Debug|Any CPU
		{1BB97E75-5914-45F9-9582-FC6F654748B0}.Release|Any CPU.ActiveCfg = Release|Any CPU
		{1BB97E75-5914-45F9-9582-FC6F654748B0}.Release|Any CPU.Build.0 = Release|Any CPU
	EndGlobalSection
	GlobalSection(SolutionProperties) = preSolution
		HideSolutionNode = FALSE
	EndGlobalSection
	GlobalSection(ExtensibilityGlobals) = postSolution
		SolutionGuid = {F6775839-8C23-49CC-9C03-BEA7EB03B9DC}
	EndGlobalSection
EndGlobal
